
Microsoft Visual Studio Solution File, Format Version 12.00
# Visual Studio Version 17
VisualStudioVersion = 17.6.33815.320
MinimumVisualStudioVersion = 10.0.40219.1
Project("{FAE04EC0-301F-11D3-BF4B-00C04F79EFBC}") = "OpenCVProject", "OpenCVProject.csproj", "{3A2EDCFA-CF66-4628-9E42-AE517E71BFCB}"
EndProject
Global
	GlobalSection(SolutionConfigurationPlatforms) = preSolution
		Debug|Any CPU = Debug|Any CPU
		Debug|x64 = Debug|x64
		Release|Any CPU = Release|Any CPU
		Release|x64 = Release|x64
	EndGlobalSection
	GlobalSection(ProjectConfigurationPlatforms) = postSolution
		{3A2EDCFA-CF66-4628-9E42-AE517E71BFCB}.Debug|Any CPU.ActiveCfg = Debug|Any CPU
		{3A2EDCFA-CF66-4628-9E42-AE517E71BFCB}.Debug|Any CPU.Build.0 = Debug|Any CPU
		{3A2EDCFA-CF66-4628-9E42-AE517E71BFCB}.Debug|x64.ActiveCfg = Debug|x64
		{3A2EDCFA-CF66-4628-9E42-AE517E71BFCB}.Debug|x64.Build.0 = Debug|x64
		{3A2EDCFA-CF66-4628-9E42-AE517E71BFCB}.Release|Any CPU.ActiveCfg = Release|Any CPU
		{3A2EDCFA-CF66-4628-9E42-AE517E71BFCB}.Release|Any CPU.Build.0 = Release|Any CPU
		{3A2EDCFA-CF66-4628-9E42-AE517E71BFCB}.Release|x64.ActiveCfg = Release|x64
		{3A2EDCFA-CF66-4628-9E42-AE517E71BFCB}.Release|x64.Build.0 = Release|x64
	EndGlobalSection
	GlobalSection(SolutionProperties) = preSolution
		HideSolutionNode = FALSE
	EndGlobalSection
	GlobalSection(ExtensibilityGlobals) = postSolution
		SolutionGuid = {0A013B19-4A9C-48F2-B5EA-35EBB61942D1}
	EndGlobalSection
EndGlobal
